
Microsoft Visual Studio Solution File, Format Version 12.00
# Visual Studio Version 17
VisualStudioVersion = 17.4.33213.308
MinimumVisualStudioVersion = 10.0.40219.1
Project("{FAE04EC0-301F-11D3-BF4B-00C04F79EFBC}") = "EducationPortal", "EducationPortal.csproj", "{57546713-82A7-492F-8C28-38F67AF32541}"
EndProject
Global
	GlobalSection(SolutionConfigurationPlatforms) = preSolution
		Debug|Any CPU = Debug|Any CPU
		Release|Any CPU = Release|Any CPU
	EndGlobalSection
	GlobalSection(ProjectConfigurationPlatforms) = postSolution
		{57546713-82A7-492F-8C28-38F67AF32541}.Debug|Any CPU.ActiveCfg = Debug|Any CPU
		{57546713-82A7-492F-8C28-38F67AF32541}.Debug|Any CPU.Build.0 = Debug|Any CPU
		{57546713-82A7-492F-8C28-38F67AF32541}.Release|Any CPU.ActiveCfg = Release|Any CPU
		{57546713-82A7-492F-8C28-38F67AF32541}.Release|Any CPU.Build.0 = Release|Any CPU
	EndGlobalSection
	GlobalSection(SolutionProperties) = preSolution
		HideSolutionNode = FALSE
	EndGlobalSection
	GlobalSection(ExtensibilityGlobals) = postSolution
		SolutionGuid = {E0ECF85B-484B-44FC-AF47-7EC7F9BB8257}
	EndGlobalSection
EndGlobal
